// !$*UTF8*$!
{
	archiveVersion = 1;
	classes = {
	};
	objectVersion = 52;
	objects = {

/* Begin PBXBuildFile section */
		D886395725C2CBAA0062D8A4 /* Assets.xcassets in Resources */ = {isa = PBXBuildFile; fileRef = D886395625C2CBAA0062D8A4 /* Assets.xcassets */; };
		D886395A25C2CBAA0062D8A4 /* LaunchScreen.storyboard in Resources */ = {isa = PBXBuildFile; fileRef = D886395825C2CBAA0062D8A4 /* LaunchScreen.storyboard */; };
		D886396725C2CC070062D8A4 /* ViewController.swift in Sources */ = {isa = PBXBuildFile; fileRef = D886396425C2CC070062D8A4 /* ViewController.swift */; };
		D886396825C2CC070062D8A4 /* AppDelegate.swift in Sources */ = {isa = PBXBuildFile; fileRef = D886396525C2CC070062D8A4 /* AppDelegate.swift */; };
		D886396925C2CC070062D8A4 /* SceneDelegate.swift in Sources */ = {isa = PBXBuildFile; fileRef = D886396625C2CC070062D8A4 /* SceneDelegate.swift */; };
		D886396D25C2CCFE0062D8A4 /* RealmSwift in Frameworks */ = {isa = PBXBuildFile; productRef = D886396C25C2CCFE0062D8A4 /* RealmSwift */; };
		D886396F25C2CCFE0062D8A4 /* Realm in Frameworks */ = {isa = PBXBuildFile; productRef = D886396E25C2CCFE0062D8A4 /* Realm */; };
/* End PBXBuildFile section */

/* Begin PBXFileReference section */
		D886394A25C2CBA90062D8A4 /* RealmPractice.app */ = {isa = PBXFileReference; explicitFileType = wrapper.application; includeInIndex = 0; path = RealmPractice.app; sourceTree = BUILT_PRODUCTS_DIR; };
		D886395625C2CBAA0062D8A4 /* Assets.xcassets */ = {isa = PBXFileReference; lastKnownFileType = folder.assetcatalog; path = Assets.xcassets; sourceTree = "<group>"; };
		D886395925C2CBAA0062D8A4 /* Base */ = {isa = PBXFileReference; lastKnownFileType = file.storyboard; name = Base; path = Base.lproj/LaunchScreen.storyboard; sourceTree = "<group>"; };
		D886395B25C2CBAA0062D8A4 /* Info.plist */ = {isa = PBXFileReference; lastKnownFileType = text.plist.xml; path = Info.plist; sourceTree = "<group>"; };
		D886396425C2CC070062D8A4 /* ViewController.swift */ = {isa = PBXFileReference; fileEncoding = 4; lastKnownFileType = sourcecode.swift; path = ViewController.swift; sourceTree = "<group>"; };
		D886396525C2CC070062D8A4 /* AppDelegate.swift */ = {isa = PBXFileReference; fileEncoding = 4; lastKnownFileType = sourcecode.swift; path = AppDelegate.swift; sourceTree = "<group>"; };
		D886396625C2CC070062D8A4 /* SceneDelegate.swift */ = {isa = PBXFileReference; fileEncoding = 4; lastKnownFileType = sourcecode.swift; path = SceneDelegate.swift; sourceTree = "<group>"; };
/* End PBXFileReference section */

/* Begin PBXFrameworksBuildPhase section */
		D886394725C2CBA90062D8A4 /* Frameworks */ = {
			isa = PBXFrameworksBuildPhase;
			buildActionMask = 2147483647;
			files = (
				D886396F25C2CCFE0062D8A4 /* Realm in Frameworks */,
				D886396D25C2CCFE0062D8A4 /* RealmSwift in Frameworks */,
			);
			runOnlyForDeploymentPostprocessing = 0;
		};
/* End PBXFrameworksBuildPhase section */

/* Begin PBXGroup section */
		D886394125C2CBA90062D8A4 = {
			isa = PBXGroup;
			children = (
				D886394C25C2CBA90062D8A4 /* RealmPractice */,
				D886394B25C2CBA90062D8A4 /* Products */,
			);
			sourceTree = "<group>";
		};
		D886394B25C2CBA90062D8A4 /* Products */ = {
			isa = PBXGroup;
			children = (
				D886394A25C2CBA90062D8A4 /* RealmPractice.app */,
			);
			name = Products;
			sourceTree = "<group>";
		};
		D886394C25C2CBA90062D8A4 /* RealmPractice */ = {
			isa = PBXGroup;
			children = (
				D886396325C2CC070062D8A4 /* Classes */,
				D886395625C2CBAA0062D8A4 /* Assets.xcassets */,
				D886395825C2CBAA0062D8A4 /* LaunchScreen.storyboard */,
				D886395B25C2CBAA0062D8A4 /* Info.plist */,
			);
			path = RealmPractice;
			sourceTree = "<group>";
		};
		D886396325C2CC070062D8A4 /* Classes */ = {
			isa = PBXGroup;
			children = (
				D886396525C2CC070062D8A4 /* AppDelegate.swift */,
				D886396625C2CC070062D8A4 /* SceneDelegate.swift */,
				D886396425C2CC070062D8A4 /* ViewController.swift */,
			);
			path = Classes;
			sourceTree = "<group>";
		};
/* End PBXGroup section */

/* Begin PBXNativeTarget section */
		D886394925C2CBA90062D8A4 /* RealmPractice */ = {
			isa = PBXNativeTarget;
			buildConfigurationList = D886395E25C2CBAA0062D8A4 /* Build configuration list for PBXNativeTarget "RealmPractice" */;
			buildPhases = (
				D886394625C2CBA90062D8A4 /* Sources */,
				D886394725C2CBA90062D8A4 /* Frameworks */,
				D886394825C2CBA90062D8A4 /* Resources */,
				D83592A125C2FDE700B1A4D8 /* Strip & Format */,
			);
			buildRules = (
			);
			dependencies = (
			);
			name = RealmPractice;
			packageProductDependencies = (
				D886396C25C2CCFE0062D8A4 /* RealmSwift */,
				D886396E25C2CCFE0062D8A4 /* Realm */,
			);
			productName = RealmPractice;
			productReference = D886394A25C2CBA90062D8A4 /* RealmPractice.app */;
			productType = "com.apple.product-type.application";
		};
/* End PBXNativeTarget section */

/* Begin PBXProject section */
		D886394225C2CBA90062D8A4 /* Project object */ = {
			isa = PBXProject;
			attributes = {
				LastSwiftUpdateCheck = 1230;
				LastUpgradeCheck = 1230;
				TargetAttributes = {
					D886394925C2CBA90062D8A4 = {
						CreatedOnToolsVersion = 12.3;
					};
				};
			};
			buildConfigurationList = D886394525C2CBA90062D8A4 /* Build configuration list for PBXProject "RealmPractice" */;
			compatibilityVersion = "Xcode 9.3";
			developmentRegion = en;
			hasScannedForEncodings = 0;
			knownRegions = (
				en,
				Base,
			);
			mainGroup = D886394125C2CBA90062D8A4;
			packageReferences = (
				D886396B25C2CCFE0062D8A4 /* XCRemoteSwiftPackageReference "realm-cocoa" */,
			);
			productRefGroup = D886394B25C2CBA90062D8A4 /* Products */;
			projectDirPath = "";
			projectRoot = "";
			targets = (
				D886394925C2CBA90062D8A4 /* RealmPractice */,
			);
		};
/* End PBXProject section */

/* Begin PBXResourcesBuildPhase section */
		D886394825C2CBA90062D8A4 /* Resources */ = {
			isa = PBXResourcesBuildPhase;
			buildActionMask = 2147483647;
			files = (
				D886395A25C2CBAA0062D8A4 /* LaunchScreen.storyboard in Resources */,
				D886395725C2CBAA0062D8A4 /* Assets.xcassets in Resources */,
			);
			runOnlyForDeploymentPostprocessing = 0;
		};
/* End PBXResourcesBuildPhase section */

/* Begin PBXShellScriptBuildPhase section */
		D83592A125C2FDE700B1A4D8 /* Strip & Format */ = {
			isa = PBXShellScriptBuildPhase;
			buildActionMask = 2147483647;
			files = (
			);
			inputFileListPaths = (
			);
			inputPaths = (
			);
			name = "Strip & Format";
			outputFileListPaths = (
			);
			outputPaths = (
			);
			runOnlyForDeploymentPostprocessing = 0;
			shellPath = /bin/sh;
			shellScript = ". ${SRCROOT}/RealmPractice/strip-frameworks.sh\n";
		};
/* End PBXShellScriptBuildPhase section */

/* Begin PBXSourcesBuildPhase section */
		D886394625C2CBA90062D8A4 /* Sources */ = {
			isa = PBXSourcesBuildPhase;
			buildActionMask = 2147483647;
			files = (
				D886396825C2CC070062D8A4 /* AppDelegate.swift in Sources */,
				D886396725C2CC070062D8A4 /* ViewController.swift in Sources */,
				D886396925C2CC070062D8A4 /* SceneDelegate.swift in Sources */,
			);
			runOnlyForDeploymentPostprocessing = 0;
		};
/* End PBXSourcesBuildPhase section */

/* Begin PBXVariantGroup section */
		D886395825C2CBAA0062D8A4 /* LaunchScreen.storyboard */ = {
			isa = PBXVariantGroup;
			children = (
				D886395925C2CBAA0062D8A4 /* Base */,
			);
			name = LaunchScreen.storyboard;
			sourceTree = "<group>";
		};
/* End PBXVariantGroup section */

/* Begin XCBuildConfiguration section */
		D886395C25C2CBAA0062D8A4 /* Debug */ = {
			isa = XCBuildConfiguration;
			buildSettings = {
				ALWAYS_SEARCH_USER_PATHS = NO;
				CLANG_ANALYZER_NONNULL = YES;
				CLANG_ANALYZER_NUMBER_OBJECT_CONVERSION = YES_AGGRESSIVE;
				CLANG_CXX_LANGUAGE_STANDARD = "gnu++14";
				CLANG_CXX_LIBRARY = "libc++";
				CLANG_ENABLE_MODULES = YES;
				CLANG_ENABLE_OBJC_ARC = YES;
				CLANG_ENABLE_OBJC_WEAK = YES;
				CLANG_WARN_BLOCK_CAPTURE_AUTORELEASING = YES;
				CLANG_WARN_BOOL_CONVERSION = YES;
				CLANG_WARN_COMMA = YES;
				CLANG_WARN_CONSTANT_CONVERSION = YES;
				CLANG_WARN_DEPRECATED_OBJC_IMPLEMENTATIONS = YES;
				CLANG_WARN_DIRECT_OBJC_ISA_USAGE = YES_ERROR;
				CLANG_WARN_DOCUMENTATION_COMMENTS = YES;
				CLANG_WARN_EMPTY_BODY = YES;
				CLANG_WARN_ENUM_CONVERSION = YES;
				CLANG_WARN_INFINITE_RECURSION = YES;
				CLANG_WARN_INT_CONVERSION = YES;
				CLANG_WARN_NON_LITERAL_NULL_CONVERSION = YES;
				CLANG_WARN_OBJC_IMPLICIT_RETAIN_SELF = YES;
				CLANG_WARN_OBJC_LITERAL_CONVERSION = YES;
				CLANG_WARN_OBJC_ROOT_CLASS = YES_ERROR;
				CLANG_WARN_QUOTED_INCLUDE_IN_FRAMEWORK_HEADER = YES;
				CLANG_WARN_RANGE_LOOP_ANALYSIS = YES;
				CLANG_WARN_STRICT_PROTOTYPES = YES;
				CLANG_WARN_SUSPICIOUS_MOVE = YES;
				CLANG_WARN_UNGUARDED_AVAILABILITY = YES_AGGRESSIVE;
				CLANG_WARN_UNREACHABLE_CODE = YES;
				CLANG_WARN__DUPLICATE_METHOD_MATCH = YES;
				COPY_PHASE_STRIP = NO;
				DEBUG_INFORMATION_FORMAT = dwarf;
				ENABLE_STRICT_OBJC_MSGSEND = YES;
				ENABLE_TESTABILITY = YES;
				GCC_C_LANGUAGE_STANDARD = gnu11;
				GCC_DYNAMIC_NO_PIC = NO;
				GCC_NO_COMMON_BLOCKS = YES;
				GCC_OPTIMIZATION_LEVEL = 0;
				GCC_PREPROCESSOR_DEFINITIONS = (
					"DEBUG=1",
					"$(inherited)",
				);
				GCC_WARN_64_TO_32_BIT_CONVERSION = YES;
				GCC_WARN_ABOUT_RETURN_TYPE = YES_ERROR;
				GCC_WARN_UNDECLARED_SELECTOR = YES;
				GCC_WARN_UNINITIALIZED_AUTOS = YES_AGGRESSIVE;
				GCC_WARN_UNUSED_FUNCTION = YES;
				GCC_WARN_UNUSED_VARIABLE = YES;
				IPHONEOS_DEPLOYMENT_TARGET = 14.3;
				MTL_ENABLE_DEBUG_INFO = INCLUDE_SOURCE;
				MTL_FAST_MATH = YES;
				ONLY_ACTIVE_ARCH = YES;
				SDKROOT = iphoneos;
				SWIFT_ACTIVE_COMPILATION_CONDITIONS = DEBUG;
				SWIFT_OPTIMIZATION_LEVEL = "-Onone";
			};
			name = Debug;
		};
		D886395D25C2CBAA0062D8A4 /* Release */ = {
			isa = XCBuildConfiguration;
			buildSettings = {
				ALWAYS_SEARCH_USER_PATHS = NO;
				CLANG_ANALYZER_NONNULL = YES;
				CLANG_ANALYZER_NUMBER_OBJECT_CONVERSION = YES_AGGRESSIVE;
				CLANG_CXX_LANGUAGE_STANDARD = "gnu++14";
				CLANG_CXX_LIBRARY = "libc++";
				CLANG_ENABLE_MODULES = YES;
				CLANG_ENABLE_OBJC_ARC = YES;
				CLANG_ENABLE_OBJC_WEAK = YES;
				CLANG_WARN_BLOCK_CAPTURE_AUTORELEASING = YES;
				CLANG_WARN_BOOL_CONVERSION = YES;
				CLANG_WARN_COMMA = YES;
				CLANG_WARN_CONSTANT_CONVERSION = YES;
				CLANG_WARN_DEPRECATED_OBJC_IMPLEMENTATIONS = YES;
				CLANG_WARN_DIRECT_OBJC_ISA_USAGE = YES_ERROR;
				CLANG_WARN_DOCUMENTATION_COMMENTS = YES;
				CLANG_WARN_EMPTY_BODY = YES;
				CLANG_WARN_ENUM_CONVERSION = YES;
				CLANG_WARN_INFINITE_RECURSION = YES;
				CLANG_WARN_INT_CONVERSION = YES;
				CLANG_WARN_NON_LITERAL_NULL_CONVERSION = YES;
				CLANG_WARN_OBJC_IMPLICIT_RETAIN_SELF = YES;
				CLANG_WARN_OBJC_LITERAL_CONVERSION = YES;
				CLANG_WARN_OBJC_ROOT_CLASS = YES_ERROR;
				CLANG_WARN_QUOTED_INCLUDE_IN_FRAMEWORK_HEADER = YES;
				CLANG_WARN_RANGE_LOOP_ANALYSIS = YES;
				CLANG_WARN_STRICT_PROTOTYPES = YES;
				CLANG_WARN_SUSPICIOUS_MOVE = YES;
				CLANG_WARN_UNGUARDED_AVAILABILITY = YES_AGGRESSIVE;
				CLANG_WARN_UNREACHABLE_CODE = YES;
				CLANG_WARN__DUPLICATE_METHOD_MATCH = YES;
				COPY_PHASE_STRIP = NO;
				DEBUG_INFORMATION_FORMAT = "dwarf-with-dsym";
				ENABLE_NS_ASSERTIONS = NO;
				ENABLE_STRICT_OBJC_MSGSEND = YES;
				GCC_C_LANGUAGE_STANDARD = gnu11;
				GCC_NO_COMMON_BLOCKS = YES;
				GCC_WARN_64_TO_32_BIT_CONVERSION = YES;
				GCC_WARN_ABOUT_RETURN_TYPE = YES_ERROR;
				GCC_WARN_UNDECLARED_SELECTOR = YES;
				GCC_WARN_UNINITIALIZED_AUTOS = YES_AGGRESSIVE;
				GCC_WARN_UNUSED_FUNCTION = YES;
				GCC_WARN_UNUSED_VARIABLE = YES;
				IPHONEOS_DEPLOYMENT_TARGET = 14.3;
				MTL_ENABLE_DEBUG_INFO = NO;
				MTL_FAST_MATH = YES;
				SDKROOT = iphoneos;
				SWIFT_COMPILATION_MODE = wholemodule;
				SWIFT_OPTIMIZATION_LEVEL = "-O";
				VALIDATE_PRODUCT = YES;
			};
			name = Release;
		};
		D886395F25C2CBAA0062D8A4 /* Debug */ = {
			isa = XCBuildConfiguration;
			buildSettings = {
				ASSETCATALOG_COMPILER_APPICON_NAME = AppIcon;
				ASSETCATALOG_COMPILER_GLOBAL_ACCENT_COLOR_NAME = AccentColor;
				CODE_SIGN_STYLE = Automatic;
				DEVELOPMENT_TEAM = F93BPQTL5D;
				INFOPLIST_FILE = RealmPractice/Info.plist;
				LD_RUNPATH_SEARCH_PATHS = (
					"$(inherited)",
					"@executable_path/Frameworks",
				);
				PRODUCT_BUNDLE_IDENTIFIER = com.mongodb.RealmPractice;
				PRODUCT_NAME = "$(TARGET_NAME)";
				SWIFT_VERSION = 5.0;
				TARGETED_DEVICE_FAMILY = "1,2";
			};
			name = Debug;
		};
		D886396025C2CBAA0062D8A4 /* Release */ = {
			isa = XCBuildConfiguration;
			buildSettings = {
				ASSETCATALOG_COMPILER_APPICON_NAME = AppIcon;
				ASSETCATALOG_COMPILER_GLOBAL_ACCENT_COLOR_NAME = AccentColor;
				CODE_SIGN_STYLE = Automatic;
				DEVELOPMENT_TEAM = F93BPQTL5D;
				INFOPLIST_FILE = RealmPractice/Info.plist;
				LD_RUNPATH_SEARCH_PATHS = (
					"$(inherited)",
					"@executable_path/Frameworks",
				);
				PRODUCT_BUNDLE_IDENTIFIER = com.mongodb.RealmPractice;
				PRODUCT_NAME = "$(TARGET_NAME)";
				SWIFT_VERSION = 5.0;
				TARGETED_DEVICE_FAMILY = "1,2";
			};
			name = Release;
		};
/* End XCBuildConfiguration section */

/* Begin XCConfigurationList section */
		D886394525C2CBA90062D8A4 /* Build configuration list for PBXProject "RealmPractice" */ = {
			isa = XCConfigurationList;
			buildConfigurations = (
				D886395C25C2CBAA0062D8A4 /* Debug */,
				D886395D25C2CBAA0062D8A4 /* Release */,
			);
			defaultConfigurationIsVisible = 0;
			defaultConfigurationName = Release;
		};
		D886395E25C2CBAA0062D8A4 /* Build configuration list for PBXNativeTarget "RealmPractice" */ = {
			isa = XCConfigurationList;
			buildConfigurations = (
				D886395F25C2CBAA0062D8A4 /* Debug */,
				D886396025C2CBAA0062D8A4 /* Release */,
			);
			defaultConfigurationIsVisible = 0;
			defaultConfigurationName = Release;
		};
/* End XCConfigurationList section */

/* Begin XCRemoteSwiftPackageReference section */
		D886396B25C2CCFE0062D8A4 /* XCRemoteSwiftPackageReference "realm-cocoa" */ = {
			isa = XCRemoteSwiftPackageReference;
			repositoryURL = "https://github.com/realm/realm-cocoa.git";
			requirement = {
				kind = upToNextMajorVersion;
				minimumVersion = 10.5.1;
			};
		};
/* End XCRemoteSwiftPackageReference section */

/* Begin XCSwiftPackageProductDependency section */
		D886396C25C2CCFE0062D8A4 /* RealmSwift */ = {
			isa = XCSwiftPackageProductDependency;
			package = D886396B25C2CCFE0062D8A4 /* XCRemoteSwiftPackageReference "realm-cocoa" */;
			productName = RealmSwift;
		};
		D886396E25C2CCFE0062D8A4 /* Realm */ = {
			isa = XCSwiftPackageProductDependency;
			package = D886396B25C2CCFE0062D8A4 /* XCRemoteSwiftPackageReference "realm-cocoa" */;
			productName = Realm;
		};
/* End XCSwiftPackageProductDependency section */
	};
	rootObject = D886394225C2CBA90062D8A4 /* Project object */;
}
