{
  "pins" : [
    {
      "identity" : "realm-cocoa",
      "kind" : "remoteSourceControl",
      "location" : "https://github.com/realm/realm-cocoa.git",
      "state" : {
        "revision" : "437fd367c4fcdaf7c532f1f40cb4ed5fab804e7c",
        "version" : "10.30.0"
      }
    },
    {
      "identity" : "realm-core",
      "kind" : "remoteSourceControl",
      "location" : "https://github.com/realm/realm-core",
      "state" : {
        "revision" : "18abbb4e9dc268620fa499923a92921bf26db8c6",
        "version" : "12.7.0"
      }
    }
  ],
  "version" : 2
}
